<?xml version="1.0" encoding="UTF-8"?>
<Scheme
   version = "1.3">
   <BuildAction>
      <BuildActionEntries>
         <BuildActionEntry
            buildForRunning = "YES">
            <BuildableReference
               BuildableIdentifier = "primary"
               BlueprintIdentifier = "409A1A6024F6BD880045F743"
               BuildableName = "koroshite-kun.app"
               BlueprintName = "koroshite-kun"
               ReferencedContainer = "container:koroshite-kun.xcodeproj">
            </BuildableReference>
         </BuildActionEntry>
      </BuildActionEntries>
   </BuildAction>
   <LaunchAction
      useCustomWorkingDirectory = "NO"
      buildConfiguration = "Debug"
      allowLocationSimulation = "YES">
      <BuildableProductRunnable>
         <BuildableReference
            BuildableIdentifier = "primary"
            BlueprintIdentifier = "409A1A6024F6BD880045F743"
            BuildableName = "koroshite-kun.app"
            BlueprintName = "koroshite-kun"
            ReferencedContainer = "container:koroshite-kun.xcodeproj">
         </BuildableReference>
      </BuildableProductRunnable>
   </LaunchAction>
</Scheme>
